// !$*UTF8*$!
{
	archiveVersion = 1;
	classes = {
	};
	objectVersion = 46;
	objects = {

/* Begin PBXBuildFile section */
		5160E8F61C520BCB0088B2A8 /* ViewController.m in Sources */ = {isa = PBXBuildFile; fileRef = 5160E8F51C520BCB0088B2A8 /* ViewController.m */; };
		5160E9001C520BDB0088B2A8 /* UIView+ViewController.m in Sources */ = {isa = PBXBuildFile; fileRef = 5160E8F91C520BDB0088B2A8 /* UIView+ViewController.m */; };
		5160E9011C520BDB0088B2A8 /* XYAddImageView.m in Sources */ = {isa = PBXBuildFile; fileRef = 5160E8FB1C520BDB0088B2A8 /* XYAddImageView.m */; };
		5160E9021C520BDB0088B2A8 /* XYaddpicture@2x.png in Resources */ = {isa = PBXBuildFile; fileRef = 5160E8FC1C520BDB0088B2A8 /* XYaddpicture@2x.png */; };
		5160E9031C520BDB0088B2A8 /* XYaddpicture@3x.png in Resources */ = {isa = PBXBuildFile; fileRef = 5160E8FD1C520BDB0088B2A8 /* XYaddpicture@3x.png */; };
		5160E9041C520BDB0088B2A8 /* XYdeletepicyure@2x.png in Resources */ = {isa = PBXBuildFile; fileRef = 5160E8FE1C520BDB0088B2A8 /* XYdeletepicyure@2x.png */; };
		5160E9051C520BDB0088B2A8 /* XYdeletepicyure@3x.png in Resources */ = {isa = PBXBuildFile; fileRef = 5160E8FF1C520BDB0088B2A8 /* XYdeletepicyure@3x.png */; };
		518745011C33DC5100112301 /* main.m in Sources */ = {isa = PBXBuildFile; fileRef = 518745001C33DC5100112301 /* main.m */; };
		518745041C33DC5100112301 /* AppDelegate.m in Sources */ = {isa = PBXBuildFile; fileRef = 518745031C33DC5100112301 /* AppDelegate.m */; };
		5187450A1C33DC5100112301 /* Main.storyboard in Resources */ = {isa = PBXBuildFile; fileRef = 518745081C33DC5100112301 /* Main.storyboard */; };
		5187450C1C33DC5100112301 /* Assets.xcassets in Resources */ = {isa = PBXBuildFile; fileRef = 5187450B1C33DC5100112301 /* Assets.xcassets */; };
		5187450F1C33DC5100112301 /* LaunchScreen.storyboard in Resources */ = {isa = PBXBuildFile; fileRef = 5187450D1C33DC5100112301 /* LaunchScreen.storyboard */; };
		5187451A1C33DC5100112301 /* addImageTestTests.m in Sources */ = {isa = PBXBuildFile; fileRef = 518745191C33DC5100112301 /* addImageTestTests.m */; };
		518745251C33DC5100112301 /* addImageTestUITests.m in Sources */ = {isa = PBXBuildFile; fileRef = 518745241C33DC5100112301 /* addImageTestUITests.m */; };
/* End PBXBuildFile section */

/* Begin PBXContainerItemProxy section */
		518745161C33DC5100112301 /* PBXContainerItemProxy */ = {
			isa = PBXContainerItemProxy;
			containerPortal = 518744F41C33DC5100112301 /* Project object */;
			proxyType = 1;
			remoteGlobalIDString = 518744FB1C33DC5100112301;
			remoteInfo = addImageTest;
		};
		518745211C33DC5100112301 /* PBXContainerItemProxy */ = {
			isa = PBXContainerItemProxy;
			containerPortal = 518744F41C33DC5100112301 /* Project object */;
			proxyType = 1;
			remoteGlobalIDString = 518744FB1C33DC5100112301;
			remoteInfo = addImageTest;
		};
/* End PBXContainerItemProxy section */

/* Begin PBXFileReference section */
		5160E8F41C520BCB0088B2A8 /* ViewController.h */ = {isa = PBXFileReference; fileEncoding = 4; lastKnownFileType = sourcecode.c.h; path = ViewController.h; sourceTree = "<group>"; };
		5160E8F51C520BCB0088B2A8 /* ViewController.m */ = {isa = PBXFileReference; fileEncoding = 4; lastKnownFileType = sourcecode.c.objc; path = ViewController.m; sourceTree = "<group>"; };
		5160E8F81C520BDB0088B2A8 /* UIView+ViewController.h */ = {isa = PBXFileReference; fileEncoding = 4; lastKnownFileType = sourcecode.c.h; path = "UIView+ViewController.h"; sourceTree = "<group>"; };
		5160E8F91C520BDB0088B2A8 /* UIView+ViewController.m */ = {isa = PBXFileReference; fileEncoding = 4; lastKnownFileType = sourcecode.c.objc; path = "UIView+ViewController.m"; sourceTree = "<group>"; };
		5160E8FA1C520BDB0088B2A8 /* XYAddImageView.h */ = {isa = PBXFileReference; fileEncoding = 4; lastKnownFileType = sourcecode.c.h; path = XYAddImageView.h; sourceTree = "<group>"; };
		5160E8FB1C520BDB0088B2A8 /* XYAddImageView.m */ = {isa = PBXFileReference; fileEncoding = 4; lastKnownFileType = sourcecode.c.objc; path = XYAddImageView.m; sourceTree = "<group>"; };
		5160E8FC1C520BDB0088B2A8 /* XYaddpicture@2x.png */ = {isa = PBXFileReference; lastKnownFileType = image.png; path = "XYaddpicture@2x.png"; sourceTree = "<group>"; };
		5160E8FD1C520BDB0088B2A8 /* XYaddpicture@3x.png */ = {isa = PBXFileReference; lastKnownFileType = image.png; path = "XYaddpicture@3x.png"; sourceTree = "<group>"; };
		5160E8FE1C520BDB0088B2A8 /* XYdeletepicyure@2x.png */ = {isa = PBXFileReference; lastKnownFileType = image.png; path = "XYdeletepicyure@2x.png"; sourceTree = "<group>"; };
		5160E8FF1C520BDB0088B2A8 /* XYdeletepicyure@3x.png */ = {isa = PBXFileReference; lastKnownFileType = image.png; path = "XYdeletepicyure@3x.png"; sourceTree = "<group>"; };
		518744FC1C33DC5100112301 /* addImageTest.app */ = {isa = PBXFileReference; explicitFileType = wrapper.application; includeInIndex = 0; path = addImageTest.app; sourceTree = BUILT_PRODUCTS_DIR; };
		518745001C33DC5100112301 /* main.m */ = {isa = PBXFileReference; lastKnownFileType = sourcecode.c.objc; path = main.m; sourceTree = "<group>"; };
		518745021C33DC5100112301 /* AppDelegate.h */ = {isa = PBXFileReference; lastKnownFileType = sourcecode.c.h; path = AppDelegate.h; sourceTree = "<group>"; };
		518745031C33DC5100112301 /* AppDelegate.m */ = {isa = PBXFileReference; lastKnownFileType = sourcecode.c.objc; path = AppDelegate.m; sourceTree = "<group>"; };
		518745091C33DC5100112301 /* Base */ = {isa = PBXFileReference; lastKnownFileType = file.storyboard; name = Base; path = Base.lproj/Main.storyboard; sourceTree = "<group>"; };
		5187450B1C33DC5100112301 /* Assets.xcassets */ = {isa = PBXFileReference; lastKnownFileType = folder.assetcatalog; path = Assets.xcassets; sourceTree = "<group>"; };
		5187450E1C33DC5100112301 /* Base */ = {isa = PBXFileReference; lastKnownFileType = file.storyboard; name = Base; path = Base.lproj/LaunchScreen.storyboard; sourceTree = "<group>"; };
		518745101C33DC5100112301 /* Info.plist */ = {isa = PBXFileReference; lastKnownFileType = text.plist.xml; path = Info.plist; sourceTree = "<group>"; };
		518745151C33DC5100112301 /* addImageTestTests.xctest */ = {isa = PBXFileReference; explicitFileType = wrapper.cfbundle; includeInIndex = 0; path = addImageTestTests.xctest; sourceTree = BUILT_PRODUCTS_DIR; };
		518745191C33DC5100112301 /* addImageTestTests.m */ = {isa = PBXFileReference; lastKnownFileType = sourcecode.c.objc; path = addImageTestTests.m; sourceTree = "<group>"; };
		5187451B1C33DC5100112301 /* Info.plist */ = {isa = PBXFileReference; lastKnownFileType = text.plist.xml; path = Info.plist; sourceTree = "<group>"; };
		518745201C33DC5100112301 /* addImageTestUITests.xctest */ = {isa = PBXFileReference; explicitFileType = wrapper.cfbundle; includeInIndex = 0; path = addImageTestUITests.xctest; sourceTree = BUILT_PRODUCTS_DIR; };
		518745241C33DC5100112301 /* addImageTestUITests.m */ = {isa = PBXFileReference; lastKnownFileType = sourcecode.c.objc; path = addImageTestUITests.m; sourceTree = "<group>"; };
		518745261C33DC5100112301 /* Info.plist */ = {isa = PBXFileReference; lastKnownFileType = text.plist.xml; path = Info.plist; sourceTree = "<group>"; };
/* End PBXFileReference section */

/* Begin PBXFrameworksBuildPhase section */
		518744F91C33DC5100112301 /* Frameworks */ = {
			isa = PBXFrameworksBuildPhase;
			buildActionMask = 2147483647;
			files = (
			);
			runOnlyForDeploymentPostprocessing = 0;
		};
		518745121C33DC5100112301 /* Frameworks */ = {
			isa = PBXFrameworksBuildPhase;
			buildActionMask = 2147483647;
			files = (
			);
			runOnlyForDeploymentPostprocessing = 0;
		};
		5187451D1C33DC5100112301 /* Frameworks */ = {
			isa = PBXFrameworksBuildPhase;
			buildActionMask = 2147483647;
			files = (
			);
			runOnlyForDeploymentPostprocessing = 0;
		};
/* End PBXFrameworksBuildPhase section */

/* Begin PBXGroup section */
		5160E8F71C520BDB0088B2A8 /* XYAddImageView */ = {
			isa = PBXGroup;
			children = (
				5160E8F81C520BDB0088B2A8 /* UIView+ViewController.h */,
				5160E8F91C520BDB0088B2A8 /* UIView+ViewController.m */,
				5160E8FA1C520BDB0088B2A8 /* XYAddImageView.h */,
				5160E8FB1C520BDB0088B2A8 /* XYAddImageView.m */,
				5160E8FC1C520BDB0088B2A8 /* XYaddpicture@2x.png */,
				5160E8FD1C520BDB0088B2A8 /* XYaddpicture@3x.png */,
				5160E8FE1C520BDB0088B2A8 /* XYdeletepicyure@2x.png */,
				5160E8FF1C520BDB0088B2A8 /* XYdeletepicyure@3x.png */,
			);
			path = XYAddImageView;
			sourceTree = "<group>";
		};
		518744F31C33DC5100112301 = {
			isa = PBXGroup;
			children = (
				518744FE1C33DC5100112301 /* addImageTest */,
				518745181C33DC5100112301 /* addImageTestTests */,
				518745231C33DC5100112301 /* addImageTestUITests */,
				518744FD1C33DC5100112301 /* Products */,
			);
			sourceTree = "<group>";
		};
		518744FD1C33DC5100112301 /* Products */ = {
			isa = PBXGroup;
			children = (
				518744FC1C33DC5100112301 /* addImageTest.app */,
				518745151C33DC5100112301 /* addImageTestTests.xctest */,
				518745201C33DC5100112301 /* addImageTestUITests.xctest */,
			);
			name = Products;
			sourceTree = "<group>";
		};
		518744FE1C33DC5100112301 /* addImageTest */ = {
			isa = PBXGroup;
			children = (
				5160E8F71C520BDB0088B2A8 /* XYAddImageView */,
				518745021C33DC5100112301 /* AppDelegate.h */,
				518745031C33DC5100112301 /* AppDelegate.m */,
				5160E8F41C520BCB0088B2A8 /* ViewController.h */,
				5160E8F51C520BCB0088B2A8 /* ViewController.m */,
				518745081C33DC5100112301 /* Main.storyboard */,
				5187450B1C33DC5100112301 /* Assets.xcassets */,
				5187450D1C33DC5100112301 /* LaunchScreen.storyboard */,
				518745101C33DC5100112301 /* Info.plist */,
				518744FF1C33DC5100112301 /* Supporting Files */,
			);
			path = addImageTest;
			sourceTree = "<group>";
		};
		518744FF1C33DC5100112301 /* Supporting Files */ = {
			isa = PBXGroup;
			children = (
				518745001C33DC5100112301 /* main.m */,
			);
			name = "Supporting Files";
			sourceTree = "<group>";
		};
		518745181C33DC5100112301 /* addImageTestTests */ = {
			isa = PBXGroup;
			children = (
				518745191C33DC5100112301 /* addImageTestTests.m */,
				5187451B1C33DC5100112301 /* Info.plist */,
			);
			path = addImageTestTests;
			sourceTree = "<group>";
		};
		518745231C33DC5100112301 /* addImageTestUITests */ = {
			isa = PBXGroup;
			children = (
				518745241C33DC5100112301 /* addImageTestUITests.m */,
				518745261C33DC5100112301 /* Info.plist */,
			);
			path = addImageTestUITests;
			sourceTree = "<group>";
		};
/* End PBXGroup section */

/* Begin PBXNativeTarget section */
		518744FB1C33DC5100112301 /* addImageTest */ = {
			isa = PBXNativeTarget;
			buildConfigurationList = 518745291C33DC5100112301 /* Build configuration list for PBXNativeTarget "addImageTest" */;
			buildPhases = (
				518744F81C33DC5100112301 /* Sources */,
				518744F91C33DC5100112301 /* Frameworks */,
				518744FA1C33DC5100112301 /* Resources */,
			);
			buildRules = (
			);
			dependencies = (
			);
			name = addImageTest;
			productName = addImageTest;
			productReference = 518744FC1C33DC5100112301 /* addImageTest.app */;
			productType = "com.apple.product-type.application";
		};
		518745141C33DC5100112301 /* addImageTestTests */ = {
			isa = PBXNativeTarget;
			buildConfigurationList = 5187452C1C33DC5100112301 /* Build configuration list for PBXNativeTarget "addImageTestTests" */;
			buildPhases = (
				518745111C33DC5100112301 /* Sources */,
				518745121C33DC5100112301 /* Frameworks */,
				518745131C33DC5100112301 /* Resources */,
			);
			buildRules = (
			);
			dependencies = (
				518745171C33DC5100112301 /* PBXTargetDependency */,
			);
			name = addImageTestTests;
			productName = addImageTestTests;
			productReference = 518745151C33DC5100112301 /* addImageTestTests.xctest */;
			productType = "com.apple.product-type.bundle.unit-test";
		};
		5187451F1C33DC5100112301 /* addImageTestUITests */ = {
			isa = PBXNativeTarget;
			buildConfigurationList = 5187452F1C33DC5100112301 /* Build configuration list for PBXNativeTarget "addImageTestUITests" */;
			buildPhases = (
				5187451C1C33DC5100112301 /* Sources */,
				5187451D1C33DC5100112301 /* Frameworks */,
				5187451E1C33DC5100112301 /* Resources */,
			);
			buildRules = (
			);
			dependencies = (
				518745221C33DC5100112301 /* PBXTargetDependency */,
			);
			name = addImageTestUITests;
			productName = addImageTestUITests;
			productReference = 518745201C33DC5100112301 /* addImageTestUITests.xctest */;
			productType = "com.apple.product-type.bundle.ui-testing";
		};
/* End PBXNativeTarget section */

/* Begin PBXProject section */
		518744F41C33DC5100112301 /* Project object */ = {
			isa = PBXProject;
			attributes = {
				LastUpgradeCheck = 0710;
				ORGANIZATIONNAME = hemiying;
				TargetAttributes = {
					518744FB1C33DC5100112301 = {
						CreatedOnToolsVersion = 7.1;
					};
					518745141C33DC5100112301 = {
						CreatedOnToolsVersion = 7.1;
						TestTargetID = 518744FB1C33DC5100112301;
					};
					5187451F1C33DC5100112301 = {
						CreatedOnToolsVersion = 7.1;
						TestTargetID = 518744FB1C33DC5100112301;
					};
				};
			};
			buildConfigurationList = 518744F71C33DC5100112301 /* Build configuration list for PBXProject "addImageTest" */;
			compatibilityVersion = "Xcode 3.2";
			developmentRegion = English;
			hasScannedForEncodings = 0;
			knownRegions = (
				en,
				Base,
			);
			mainGroup = 518744F31C33DC5100112301;
			productRefGroup = 518744FD1C33DC5100112301 /* Products */;
			projectDirPath = "";
			projectRoot = "";
			targets = (
				518744FB1C33DC5100112301 /* addImageTest */,
				518745141C33DC5100112301 /* addImageTestTests */,
				5187451F1C33DC5100112301 /* addImageTestUITests */,
			);
		};
/* End PBXProject section */

/* Begin PBXResourcesBuildPhase section */
		518744FA1C33DC5100112301 /* Resources */ = {
			isa = PBXResourcesBuildPhase;
			buildActionMask = 2147483647;
			files = (
				5160E9051C520BDB0088B2A8 /* XYdeletepicyure@3x.png in Resources */,
				5160E9041C520BDB0088B2A8 /* XYdeletepicyure@2x.png in Resources */,
				5160E9031C520BDB0088B2A8 /* XYaddpicture@3x.png in Resources */,
				5187450F1C33DC5100112301 /* LaunchScreen.storyboard in Resources */,
				5187450C1C33DC5100112301 /* Assets.xcassets in Resources */,
				5160E9021C520BDB0088B2A8 /* XYaddpicture@2x.png in Resources */,
				5187450A1C33DC5100112301 /* Main.storyboard in Resources */,
			);
			runOnlyForDeploymentPostprocessing = 0;
		};
		518745131C33DC5100112301 /* Resources */ = {
			isa = PBXResourcesBuildPhase;
			buildActionMask = 2147483647;
			files = (
			);
			runOnlyForDeploymentPostprocessing = 0;
		};
		5187451E1C33DC5100112301 /* Resources */ = {
			isa = PBXResourcesBuildPhase;
			buildActionMask = 2147483647;
			files = (
			);
			runOnlyForDeploymentPostprocessing = 0;
		};
/* End PBXResourcesBuildPhase section */

/* Begin PBXSourcesBuildPhase section */
		518744F81C33DC5100112301 /* Sources */ = {
			isa = PBXSourcesBuildPhase;
			buildActionMask = 2147483647;
			files = (
				5160E8F61C520BCB0088B2A8 /* ViewController.m in Sources */,
				5160E9001C520BDB0088B2A8 /* UIView+ViewController.m in Sources */,
				518745041C33DC5100112301 /* AppDelegate.m in Sources */,
				5160E9011C520BDB0088B2A8 /* XYAddImageView.m in Sources */,
				518745011C33DC5100112301 /* main.m in Sources */,
			);
			runOnlyForDeploymentPostprocessing = 0;
		};
		518745111C33DC5100112301 /* Sources */ = {
			isa = PBXSourcesBuildPhase;
			buildActionMask = 2147483647;
			files = (
				5187451A1C33DC5100112301 /* addImageTestTests.m in Sources */,
			);
			runOnlyForDeploymentPostprocessing = 0;
		};
		5187451C1C33DC5100112301 /* Sources */ = {
			isa = PBXSourcesBuildPhase;
			buildActionMask = 2147483647;
			files = (
				518745251C33DC5100112301 /* addImageTestUITests.m in Sources */,
			);
			runOnlyForDeploymentPostprocessing = 0;
		};
/* End PBXSourcesBuildPhase section */

/* Begin PBXTargetDependency section */
		518745171C33DC5100112301 /* PBXTargetDependency */ = {
			isa = PBXTargetDependency;
			target = 518744FB1C33DC5100112301 /* addImageTest */;
			targetProxy = 518745161C33DC5100112301 /* PBXContainerItemProxy */;
		};
		518745221C33DC5100112301 /* PBXTargetDependency */ = {
			isa = PBXTargetDependency;
			target = 518744FB1C33DC5100112301 /* addImageTest */;
			targetProxy = 518745211C33DC5100112301 /* PBXContainerItemProxy */;
		};
/* End PBXTargetDependency section */

/* Begin PBXVariantGroup section */
		518745081C33DC5100112301 /* Main.storyboard */ = {
			isa = PBXVariantGroup;
			children = (
				518745091C33DC5100112301 /* Base */,
			);
			name = Main.storyboard;
			sourceTree = "<group>";
		};
		5187450D1C33DC5100112301 /* LaunchScreen.storyboard */ = {
			isa = PBXVariantGroup;
			children = (
				5187450E1C33DC5100112301 /* Base */,
			);
			name = LaunchScreen.storyboard;
			sourceTree = "<group>";
		};
/* End PBXVariantGroup section */

/* Begin XCBuildConfiguration section */
		518745271C33DC5100112301 /* Debug */ = {
			isa = XCBuildConfiguration;
			buildSettings = {
				ALWAYS_SEARCH_USER_PATHS = NO;
				CLANG_CXX_LANGUAGE_STANDARD = "gnu++0x";
				CLANG_CXX_LIBRARY = "libc++";
				CLANG_ENABLE_MODULES = YES;
				CLANG_ENABLE_OBJC_ARC = YES;
				CLANG_WARN_BOOL_CONVERSION = YES;
				CLANG_WARN_CONSTANT_CONVERSION = YES;
				CLANG_WARN_DIRECT_OBJC_ISA_USAGE = YES_ERROR;
				CLANG_WARN_EMPTY_BODY = YES;
				CLANG_WARN_ENUM_CONVERSION = YES;
				CLANG_WARN_INT_CONVERSION = YES;
				CLANG_WARN_OBJC_ROOT_CLASS = YES_ERROR;
				CLANG_WARN_UNREACHABLE_CODE = YES;
				CLANG_WARN__DUPLICATE_METHOD_MATCH = YES;
				"CODE_SIGN_IDENTITY[sdk=iphoneos*]" = "iPhone Developer";
				COPY_PHASE_STRIP = NO;
				DEBUG_INFORMATION_FORMAT = dwarf;
				ENABLE_STRICT_OBJC_MSGSEND = YES;
				ENABLE_TESTABILITY = YES;
				GCC_C_LANGUAGE_STANDARD = gnu99;
				GCC_DYNAMIC_NO_PIC = NO;
				GCC_NO_COMMON_BLOCKS = YES;
				GCC_OPTIMIZATION_LEVEL = 0;
				GCC_PREPROCESSOR_DEFINITIONS = (
					"DEBUG=1",
					"$(inherited)",
				);
				GCC_WARN_64_TO_32_BIT_CONVERSION = YES;
				GCC_WARN_ABOUT_RETURN_TYPE = YES_ERROR;
				GCC_WARN_UNDECLARED_SELECTOR = YES;
				GCC_WARN_UNINITIALIZED_AUTOS = YES_AGGRESSIVE;
				GCC_WARN_UNUSED_FUNCTION = YES;
				GCC_WARN_UNUSED_VARIABLE = YES;
				IPHONEOS_DEPLOYMENT_TARGET = 9.1;
				MTL_ENABLE_DEBUG_INFO = YES;
				ONLY_ACTIVE_ARCH = YES;
				SDKROOT = iphoneos;
				TARGETED_DEVICE_FAMILY = "1,2";
			};
			name = Debug;
		};
		518745281C33DC5100112301 /* Release */ = {
			isa = XCBuildConfiguration;
			buildSettings = {
				ALWAYS_SEARCH_USER_PATHS = NO;
				CLANG_CXX_LANGUAGE_STANDARD = "gnu++0x";
				CLANG_CXX_LIBRARY = "libc++";
				CLANG_ENABLE_MODULES = YES;
				CLANG_ENABLE_OBJC_ARC = YES;
				CLANG_WARN_BOOL_CONVERSION = YES;
				CLANG_WARN_CONSTANT_CONVERSION = YES;
				CLANG_WARN_DIRECT_OBJC_ISA_USAGE = YES_ERROR;
				CLANG_WARN_EMPTY_BODY = YES;
				CLANG_WARN_ENUM_CONVERSION = YES;
				CLANG_WARN_INT_CONVERSION = YES;
				CLANG_WARN_OBJC_ROOT_CLASS = YES_ERROR;
				CLANG_WARN_UNREACHABLE_CODE = YES;
				CLANG_WARN__DUPLICATE_METHOD_MATCH = YES;
				"CODE_SIGN_IDENTITY[sdk=iphoneos*]" = "iPhone Developer";
				COPY_PHASE_STRIP = NO;
				DEBUG_INFORMATION_FORMAT = "dwarf-with-dsym";
				ENABLE_NS_ASSERTIONS = NO;
				ENABLE_STRICT_OBJC_MSGSEND = YES;
				GCC_C_LANGUAGE_STANDARD = gnu99;
				GCC_NO_COMMON_BLOCKS = YES;
				GCC_WARN_64_TO_32_BIT_CONVERSION = YES;
				GCC_WARN_ABOUT_RETURN_TYPE = YES_ERROR;
				GCC_WARN_UNDECLARED_SELECTOR = YES;
				GCC_WARN_UNINITIALIZED_AUTOS = YES_AGGRESSIVE;
				GCC_WARN_UNUSED_FUNCTION = YES;
				GCC_WARN_UNUSED_VARIABLE = YES;
				IPHONEOS_DEPLOYMENT_TARGET = 9.1;
				MTL_ENABLE_DEBUG_INFO = NO;
				SDKROOT = iphoneos;
				TARGETED_DEVICE_FAMILY = "1,2";
				VALIDATE_PRODUCT = YES;
			};
			name = Release;
		};
		5187452A1C33DC5100112301 /* Debug */ = {
			isa = XCBuildConfiguration;
			buildSettings = {
				ASSETCATALOG_COMPILER_APPICON_NAME = AppIcon;
				INFOPLIST_FILE = addImageTest/Info.plist;
				LD_RUNPATH_SEARCH_PATHS = "$(inherited) @executable_path/Frameworks";
				PRODUCT_BUNDLE_IDENTIFIER = hemiying.addImageTest;
				PRODUCT_NAME = "$(TARGET_NAME)";
			};
			name = Debug;
		};
		5187452B1C33DC5100112301 /* Release */ = {
			isa = XCBuildConfiguration;
			buildSettings = {
				ASSETCATALOG_COMPILER_APPICON_NAME = AppIcon;
				INFOPLIST_FILE = addImageTest/Info.plist;
				LD_RUNPATH_SEARCH_PATHS = "$(inherited) @executable_path/Frameworks";
				PRODUCT_BUNDLE_IDENTIFIER = hemiying.addImageTest;
				PRODUCT_NAME = "$(TARGET_NAME)";
			};
			name = Release;
		};
		5187452D1C33DC5100112301 /* Debug */ = {
			isa = XCBuildConfiguration;
			buildSettings = {
				BUNDLE_LOADER = "$(TEST_HOST)";
				INFOPLIST_FILE = addImageTestTests/Info.plist;
				LD_RUNPATH_SEARCH_PATHS = "$(inherited) @executable_path/Frameworks @loader_path/Frameworks";
				PRODUCT_BUNDLE_IDENTIFIER = hemiying.addImageTestTests;
				PRODUCT_NAME = "$(TARGET_NAME)";
				TEST_HOST = "$(BUILT_PRODUCTS_DIR)/addImageTest.app/addImageTest";
			};
			name = Debug;
		};
		5187452E1C33DC5100112301 /* Release */ = {
			isa = XCBuildConfiguration;
			buildSettings = {
				BUNDLE_LOADER = "$(TEST_HOST)";
				INFOPLIST_FILE = addImageTestTests/Info.plist;
				LD_RUNPATH_SEARCH_PATHS = "$(inherited) @executable_path/Frameworks @loader_path/Frameworks";
				PRODUCT_BUNDLE_IDENTIFIER = hemiying.addImageTestTests;
				PRODUCT_NAME = "$(TARGET_NAME)";
				TEST_HOST = "$(BUILT_PRODUCTS_DIR)/addImageTest.app/addImageTest";
			};
			name = Release;
		};
		518745301C33DC5100112301 /* Debug */ = {
			isa = XCBuildConfiguration;
			buildSettings = {
				INFOPLIST_FILE = addImageTestUITests/Info.plist;
				LD_RUNPATH_SEARCH_PATHS = "$(inherited) @executable_path/Frameworks @loader_path/Frameworks";
				PRODUCT_BUNDLE_IDENTIFIER = hemiying.addImageTestUITests;
				PRODUCT_NAME = "$(TARGET_NAME)";
				TEST_TARGET_NAME = addImageTest;
				USES_XCTRUNNER = YES;
			};
			name = Debug;
		};
		518745311C33DC5100112301 /* Release */ = {
			isa = XCBuildConfiguration;
			buildSettings = {
				INFOPLIST_FILE = addImageTestUITests/Info.plist;
				LD_RUNPATH_SEARCH_PATHS = "$(inherited) @executable_path/Frameworks @loader_path/Frameworks";
				PRODUCT_BUNDLE_IDENTIFIER = hemiying.addImageTestUITests;
				PRODUCT_NAME = "$(TARGET_NAME)";
				TEST_TARGET_NAME = addImageTest;
				USES_XCTRUNNER = YES;
			};
			name = Release;
		};
/* End XCBuildConfiguration section */

/* Begin XCConfigurationList section */
		518744F71C33DC5100112301 /* Build configuration list for PBXProject "addImageTest" */ = {
			isa = XCConfigurationList;
			buildConfigurations = (
				518745271C33DC5100112301 /* Debug */,
				518745281C33DC5100112301 /* Release */,
			);
			defaultConfigurationIsVisible = 0;
			defaultConfigurationName = Release;
		};
		518745291C33DC5100112301 /* Build configuration list for PBXNativeTarget "addImageTest" */ = {
			isa = XCConfigurationList;
			buildConfigurations = (
				5187452A1C33DC5100112301 /* Debug */,
				5187452B1C33DC5100112301 /* Release */,
			);
			defaultConfigurationIsVisible = 0;
			defaultConfigurationName = Release;
		};
		5187452C1C33DC5100112301 /* Build configuration list for PBXNativeTarget "addImageTestTests" */ = {
			isa = XCConfigurationList;
			buildConfigurations = (
				5187452D1C33DC5100112301 /* Debug */,
				5187452E1C33DC5100112301 /* Release */,
			);
			defaultConfigurationIsVisible = 0;
			defaultConfigurationName = Release;
		};
		5187452F1C33DC5100112301 /* Build configuration list for PBXNativeTarget "addImageTestUITests" */ = {
			isa = XCConfigurationList;
			buildConfigurations = (
				518745301C33DC5100112301 /* Debug */,
				518745311C33DC5100112301 /* Release */,
			);
			defaultConfigurationIsVisible = 0;
			defaultConfigurationName = Release;
		};
/* End XCConfigurationList section */
	};
	rootObject = 518744F41C33DC5100112301 /* Project object */;
}
